
Microsoft Visual Studio Solution File, Format Version 12.00
# Visual Studio Version 16
VisualStudioVersion = 16.0.31205.134
MinimumVisualStudioVersion = 10.0.40219.1
Project("{FAE04EC0-301F-11D3-BF4B-00C04F79EFBC}") = "webAPI", "webAPI\webAPI.csproj", "{0A5AA14C-4EC2-4742-B004-5281442C6791}"
EndProject
Project("{FAE04EC0-301F-11D3-BF4B-00C04F79EFBC}") = "Tabels", "Tabels\Tabels.csproj", "{0D924813-4B0F-423A-B77C-8EA0892494FC}"
EndProject
Global
	GlobalSection(SolutionConfigurationPlatforms) = preSolution
		Debug|Any CPU = Debug|Any CPU
		Release|Any CPU = Release|Any CPU
	EndGlobalSection
	GlobalSection(ProjectConfigurationPlatforms) = postSolution
		{0A5AA14C-4EC2-4742-B004-5281442C6791}.Debug|Any CPU.ActiveCfg = Debug|Any CPU
		{0A5AA14C-4EC2-4742-B004-5281442C6791}.Debug|Any CPU.Build.0 = Debug|Any CPU
		{0A5AA14C-4EC2-4742-B004-5281442C6791}.Release|Any CPU.ActiveCfg = Release|Any CPU
		{0A5AA14C-4EC2-4742-B004-5281442C6791}.Release|Any CPU.Build.0 = Release|Any CPU
		{0D924813-4B0F-423A-B77C-8EA0892494FC}.Debug|Any CPU.ActiveCfg = Debug|Any CPU
		{0D924813-4B0F-423A-B77C-8EA0892494FC}.Debug|Any CPU.Build.0 = Debug|Any CPU
		{0D924813-4B0F-423A-B77C-8EA0892494FC}.Release|Any CPU.ActiveCfg = Release|Any CPU
		{0D924813-4B0F-423A-B77C-8EA0892494FC}.Release|Any CPU.Build.0 = Release|Any CPU
	EndGlobalSection
	GlobalSection(SolutionProperties) = preSolution
		HideSolutionNode = FALSE
	EndGlobalSection
	GlobalSection(ExtensibilityGlobals) = postSolution
		SolutionGuid = {E42923D0-6906-499F-B3E7-76A21400436E}
	EndGlobalSection
EndGlobal
